{
  "pins" : [
    {
      "identity" : "alamofire",
      "kind" : "remoteSourceControl",
      "location" : "https://github.com/Alamofire/Alamofire.git",
      "state" : {
        "branch" : "master",
        "revision" : "da027bc6f4a32617468360734fac8aca34231482"
      }
    },
    {
      "identity" : "url-image",
      "kind" : "remoteSourceControl",
      "location" : "https://github.com/dmytro-anokhin/url-image",
      "state" : {
        "branch" : "main",
        "revision" : "20abda498bf8fe78631b1057b77078147598962b"
      }
    }
  ],
  "version" : 2
}
